// !$*UTF8*$!
{
	archiveVersion = 1;
	classes = {
	};
	objectVersion = 48;
	objects = {

/* Begin PBXBuildFile section */
		15359ECD2057DAF6006E121F /* PlayerCellTableViewCell.swift in Sources */ = {isa = PBXBuildFile; fileRef = 15359ECC2057DAF6006E121F /* PlayerCellTableViewCell.swift */; };
		15359ECF2057E3B4006E121F /* PlayerDetailsViewController.swift in Sources */ = {isa = PBXBuildFile; fileRef = 15359ECE2057E3B4006E121F /* PlayerDetailsViewController.swift */; };
		1A8673932056DEDC001E75BD /* AppDelegate.swift in Sources */ = {isa = PBXBuildFile; fileRef = 1A8673922056DEDC001E75BD /* AppDelegate.swift */; };
		1A8673952056DEDC001E75BD /* ViewController.swift in Sources */ = {isa = PBXBuildFile; fileRef = 1A8673942056DEDC001E75BD /* ViewController.swift */; };
		1A8673982056DEDC001E75BD /* Main.storyboard in Resources */ = {isa = PBXBuildFile; fileRef = 1A8673962056DEDC001E75BD /* Main.storyboard */; };
		1A86739A2056DEDC001E75BD /* Assets.xcassets in Resources */ = {isa = PBXBuildFile; fileRef = 1A8673992056DEDC001E75BD /* Assets.xcassets */; };
		1A86739D2056DEDC001E75BD /* LaunchScreen.storyboard in Resources */ = {isa = PBXBuildFile; fileRef = 1A86739B2056DEDC001E75BD /* LaunchScreen.storyboard */; };
		1A8673A52056F2D7001E75BD /* PlayersViewControllerTableViewController.swift in Sources */ = {isa = PBXBuildFile; fileRef = 1A8673A42056F2D7001E75BD /* PlayersViewControllerTableViewController.swift */; };
		1A8673A72056F3C5001E75BD /* Player.swift in Sources */ = {isa = PBXBuildFile; fileRef = 1A8673A62056F3C5001E75BD /* Player.swift */; };
		1A8673A92056F414001E75BD /* SampleData.swift in Sources */ = {isa = PBXBuildFile; fileRef = 1A8673A82056F414001E75BD /* SampleData.swift */; };
/* End PBXBuildFile section */

/* Begin PBXFileReference section */
		15359ECC2057DAF6006E121F /* PlayerCellTableViewCell.swift */ = {isa = PBXFileReference; lastKnownFileType = sourcecode.swift; path = PlayerCellTableViewCell.swift; sourceTree = "<group>"; };
		15359ECE2057E3B4006E121F /* PlayerDetailsViewController.swift */ = {isa = PBXFileReference; lastKnownFileType = sourcecode.swift; path = PlayerDetailsViewController.swift; sourceTree = "<group>"; };
		1A86738F2056DEDC001E75BD /* Ratings.app */ = {isa = PBXFileReference; explicitFileType = wrapper.application; includeInIndex = 0; path = Ratings.app; sourceTree = BUILT_PRODUCTS_DIR; };
		1A8673922056DEDC001E75BD /* AppDelegate.swift */ = {isa = PBXFileReference; lastKnownFileType = sourcecode.swift; path = AppDelegate.swift; sourceTree = "<group>"; };
		1A8673942056DEDC001E75BD /* ViewController.swift */ = {isa = PBXFileReference; lastKnownFileType = sourcecode.swift; path = ViewController.swift; sourceTree = "<group>"; };
		1A8673972056DEDC001E75BD /* Base */ = {isa = PBXFileReference; lastKnownFileType = file.storyboard; name = Base; path = Base.lproj/Main.storyboard; sourceTree = "<group>"; };
		1A8673992056DEDC001E75BD /* Assets.xcassets */ = {isa = PBXFileReference; lastKnownFileType = folder.assetcatalog; path = Assets.xcassets; sourceTree = "<group>"; };
		1A86739C2056DEDC001E75BD /* Base */ = {isa = PBXFileReference; lastKnownFileType = file.storyboard; name = Base; path = Base.lproj/LaunchScreen.storyboard; sourceTree = "<group>"; };
		1A86739E2056DEDC001E75BD /* Info.plist */ = {isa = PBXFileReference; lastKnownFileType = text.plist.xml; path = Info.plist; sourceTree = "<group>"; };
		1A8673A42056F2D7001E75BD /* PlayersViewControllerTableViewController.swift */ = {isa = PBXFileReference; lastKnownFileType = sourcecode.swift; path = PlayersViewControllerTableViewController.swift; sourceTree = "<group>"; };
		1A8673A62056F3C5001E75BD /* Player.swift */ = {isa = PBXFileReference; lastKnownFileType = sourcecode.swift; path = Player.swift; sourceTree = "<group>"; };
		1A8673A82056F414001E75BD /* SampleData.swift */ = {isa = PBXFileReference; lastKnownFileType = sourcecode.swift; path = SampleData.swift; sourceTree = "<group>"; };
/* End PBXFileReference section */

/* Begin PBXFrameworksBuildPhase section */
		1A86738C2056DEDC001E75BD /* Frameworks */ = {
			isa = PBXFrameworksBuildPhase;
			buildActionMask = 2147483647;
			files = (
			);
			runOnlyForDeploymentPostprocessing = 0;
		};
/* End PBXFrameworksBuildPhase section */

/* Begin PBXGroup section */
		1A8673862056DEDC001E75BD = {
			isa = PBXGroup;
			children = (
				1A8673912056DEDC001E75BD /* Ratings */,
				1A8673902056DEDC001E75BD /* Products */,
			);
			sourceTree = "<group>";
		};
		1A8673902056DEDC001E75BD /* Products */ = {
			isa = PBXGroup;
			children = (
				1A86738F2056DEDC001E75BD /* Ratings.app */,
			);
			name = Products;
			sourceTree = "<group>";
		};
		1A8673912056DEDC001E75BD /* Ratings */ = {
			isa = PBXGroup;
			children = (
				1A8673922056DEDC001E75BD /* AppDelegate.swift */,
				1A8673942056DEDC001E75BD /* ViewController.swift */,
				1A8673962056DEDC001E75BD /* Main.storyboard */,
				1A8673992056DEDC001E75BD /* Assets.xcassets */,
				1A86739B2056DEDC001E75BD /* LaunchScreen.storyboard */,
				1A86739E2056DEDC001E75BD /* Info.plist */,
				1A8673A42056F2D7001E75BD /* PlayersViewControllerTableViewController.swift */,
				1A8673A62056F3C5001E75BD /* Player.swift */,
				1A8673A82056F414001E75BD /* SampleData.swift */,
				15359ECC2057DAF6006E121F /* PlayerCellTableViewCell.swift */,
				15359ECE2057E3B4006E121F /* PlayerDetailsViewController.swift */,
			);
			path = Ratings;
			sourceTree = "<group>";
		};
/* End PBXGroup section */

/* Begin PBXNativeTarget section */
		1A86738E2056DEDC001E75BD /* Ratings */ = {
			isa = PBXNativeTarget;
			buildConfigurationList = 1A8673A12056DEDC001E75BD /* Build configuration list for PBXNativeTarget "Ratings" */;
			buildPhases = (
				1A86738B2056DEDC001E75BD /* Sources */,
				1A86738C2056DEDC001E75BD /* Frameworks */,
				1A86738D2056DEDC001E75BD /* Resources */,
			);
			buildRules = (
			);
			dependencies = (
			);
			name = Ratings;
			productName = Ratings;
			productReference = 1A86738F2056DEDC001E75BD /* Ratings.app */;
			productType = "com.apple.product-type.application";
		};
/* End PBXNativeTarget section */

/* Begin PBXProject section */
		1A8673872056DEDC001E75BD /* Project object */ = {
			isa = PBXProject;
			attributes = {
				LastSwiftUpdateCheck = 0920;
				LastUpgradeCheck = 0920;
				ORGANIZATIONNAME = user909680;
				TargetAttributes = {
					1A86738E2056DEDC001E75BD = {
						CreatedOnToolsVersion = 9.2;
						ProvisioningStyle = Automatic;
					};
				};
			};
			buildConfigurationList = 1A86738A2056DEDC001E75BD /* Build configuration list for PBXProject "Ratings" */;
			compatibilityVersion = "Xcode 8.0";
			developmentRegion = en;
			hasScannedForEncodings = 0;
			knownRegions = (
				en,
				Base,
			);
			mainGroup = 1A8673862056DEDC001E75BD;
			productRefGroup = 1A8673902056DEDC001E75BD /* Products */;
			projectDirPath = "";
			projectRoot = "";
			targets = (
				1A86738E2056DEDC001E75BD /* Ratings */,
			);
		};
/* End PBXProject section */

/* Begin PBXResourcesBuildPhase section */
		1A86738D2056DEDC001E75BD /* Resources */ = {
			isa = PBXResourcesBuildPhase;
			buildActionMask = 2147483647;
			files = (
				1A86739D2056DEDC001E75BD /* LaunchScreen.storyboard in Resources */,
				1A86739A2056DEDC001E75BD /* Assets.xcassets in Resources */,
				1A8673982056DEDC001E75BD /* Main.storyboard in Resources */,
			);
			runOnlyForDeploymentPostprocessing = 0;
		};
/* End PBXResourcesBuildPhase section */

/* Begin PBXSourcesBuildPhase section */
		1A86738B2056DEDC001E75BD /* Sources */ = {
			isa = PBXSourcesBuildPhase;
			buildActionMask = 2147483647;
			files = (
				1A8673A72056F3C5001E75BD /* Player.swift in Sources */,
				1A8673952056DEDC001E75BD /* ViewController.swift in Sources */,
				15359ECD2057DAF6006E121F /* PlayerCellTableViewCell.swift in Sources */,
				15359ECF2057E3B4006E121F /* PlayerDetailsViewController.swift in Sources */,
				1A8673A52056F2D7001E75BD /* PlayersViewControllerTableViewController.swift in Sources */,
				1A8673A92056F414001E75BD /* SampleData.swift in Sources */,
				1A8673932056DEDC001E75BD /* AppDelegate.swift in Sources */,
			);
			runOnlyForDeploymentPostprocessing = 0;
		};
/* End PBXSourcesBuildPhase section */

/* Begin PBXVariantGroup section */
		1A8673962056DEDC001E75BD /* Main.storyboard */ = {
			isa = PBXVariantGroup;
			children = (
				1A8673972056DEDC001E75BD /* Base */,
			);
			name = Main.storyboard;
			sourceTree = "<group>";
		};
		1A86739B2056DEDC001E75BD /* LaunchScreen.storyboard */ = {
			isa = PBXVariantGroup;
			children = (
				1A86739C2056DEDC001E75BD /* Base */,
			);
			name = LaunchScreen.storyboard;
			sourceTree = "<group>";
		};
/* End PBXVariantGroup section */

/* Begin XCBuildConfiguration section */
		1A86739F2056DEDC001E75BD /* Debug */ = {
			isa = XCBuildConfiguration;
			buildSettings = {
				ALWAYS_SEARCH_USER_PATHS = NO;
				CLANG_ANALYZER_NONNULL = YES;
				CLANG_ANALYZER_NUMBER_OBJECT_CONVERSION = YES_AGGRESSIVE;
				CLANG_CXX_LANGUAGE_STANDARD = "gnu++14";
				CLANG_CXX_LIBRARY = "libc++";
				CLANG_ENABLE_MODULES = YES;
				CLANG_ENABLE_OBJC_ARC = YES;
				CLANG_WARN_BLOCK_CAPTURE_AUTORELEASING = YES;
				CLANG_WARN_BOOL_CONVERSION = YES;
				CLANG_WARN_COMMA = YES;
				CLANG_WARN_CONSTANT_CONVERSION = YES;
				CLANG_WARN_DIRECT_OBJC_ISA_USAGE = YES_ERROR;
				CLANG_WARN_DOCUMENTATION_COMMENTS = YES;
				CLANG_WARN_EMPTY_BODY = YES;
				CLANG_WARN_ENUM_CONVERSION = YES;
				CLANG_WARN_INFINITE_RECURSION = YES;
				CLANG_WARN_INT_CONVERSION = YES;
				CLANG_WARN_NON_LITERAL_NULL_CONVERSION = YES;
				CLANG_WARN_OBJC_LITERAL_CONVERSION = YES;
				CLANG_WARN_OBJC_ROOT_CLASS = YES_ERROR;
				CLANG_WARN_RANGE_LOOP_ANALYSIS = YES;
				CLANG_WARN_STRICT_PROTOTYPES = YES;
				CLANG_WARN_SUSPICIOUS_MOVE = YES;
				CLANG_WARN_UNGUARDED_AVAILABILITY = YES_AGGRESSIVE;
				CLANG_WARN_UNREACHABLE_CODE = YES;
				CLANG_WARN__DUPLICATE_METHOD_MATCH = YES;
				CODE_SIGN_IDENTITY = "iPhone Developer";
				COPY_PHASE_STRIP = NO;
				DEBUG_INFORMATION_FORMAT = dwarf;
				ENABLE_STRICT_OBJC_MSGSEND = YES;
				ENABLE_TESTABILITY = YES;
				GCC_C_LANGUAGE_STANDARD = gnu11;
				GCC_DYNAMIC_NO_PIC = NO;
				GCC_NO_COMMON_BLOCKS = YES;
				GCC_OPTIMIZATION_LEVEL = 0;
				GCC_PREPROCESSOR_DEFINITIONS = (
					"DEBUG=1",
					"$(inherited)",
				);
				GCC_WARN_64_TO_32_BIT_CONVERSION = YES;
				GCC_WARN_ABOUT_RETURN_TYPE = YES_ERROR;
				GCC_WARN_UNDECLARED_SELECTOR = YES;
				GCC_WARN_UNINITIALIZED_AUTOS = YES_AGGRESSIVE;
				GCC_WARN_UNUSED_FUNCTION = YES;
				GCC_WARN_UNUSED_VARIABLE = YES;
				IPHONEOS_DEPLOYMENT_TARGET = 11.2;
				MTL_ENABLE_DEBUG_INFO = YES;
				ONLY_ACTIVE_ARCH = YES;
				SDKROOT = iphoneos;
				SWIFT_ACTIVE_COMPILATION_CONDITIONS = DEBUG;
				SWIFT_OPTIMIZATION_LEVEL = "-Onone";
			};
			name = Debug;
		};
		1A8673A02056DEDC001E75BD /* Release */ = {
			isa = XCBuildConfiguration;
			buildSettings = {
				ALWAYS_SEARCH_USER_PATHS = NO;
				CLANG_ANALYZER_NONNULL = YES;
				CLANG_ANALYZER_NUMBER_OBJECT_CONVERSION = YES_AGGRESSIVE;
				CLANG_CXX_LANGUAGE_STANDARD = "gnu++14";
				CLANG_CXX_LIBRARY = "libc++";
				CLANG_ENABLE_MODULES = YES;
				CLANG_ENABLE_OBJC_ARC = YES;
				CLANG_WARN_BLOCK_CAPTURE_AUTORELEASING = YES;
				CLANG_WARN_BOOL_CONVERSION = YES;
				CLANG_WARN_COMMA = YES;
				CLANG_WARN_CONSTANT_CONVERSION = YES;
				CLANG_WARN_DIRECT_OBJC_ISA_USAGE = YES_ERROR;
				CLANG_WARN_DOCUMENTATION_COMMENTS = YES;
				CLANG_WARN_EMPTY_BODY = YES;
				CLANG_WARN_ENUM_CONVERSION = YES;
				CLANG_WARN_INFINITE_RECURSION = YES;
				CLANG_WARN_INT_CONVERSION = YES;
				CLANG_WARN_NON_LITERAL_NULL_CONVERSION = YES;
				CLANG_WARN_OBJC_LITERAL_CONVERSION = YES;
				CLANG_WARN_OBJC_ROOT_CLASS = YES_ERROR;
				CLANG_WARN_RANGE_LOOP_ANALYSIS = YES;
				CLANG_WARN_STRICT_PROTOTYPES = YES;
				CLANG_WARN_SUSPICIOUS_MOVE = YES;
				CLANG_WARN_UNGUARDED_AVAILABILITY = YES_AGGRESSIVE;
				CLANG_WARN_UNREACHABLE_CODE = YES;
				CLANG_WARN__DUPLICATE_METHOD_MATCH = YES;
				CODE_SIGN_IDENTITY = "iPhone Developer";
				COPY_PHASE_STRIP = NO;
				DEBUG_INFORMATION_FORMAT = "dwarf-with-dsym";
				ENABLE_NS_ASSERTIONS = NO;
				ENABLE_STRICT_OBJC_MSGSEND = YES;
				GCC_C_LANGUAGE_STANDARD = gnu11;
				GCC_NO_COMMON_BLOCKS = YES;
				GCC_WARN_64_TO_32_BIT_CONVERSION = YES;
				GCC_WARN_ABOUT_RETURN_TYPE = YES_ERROR;
				GCC_WARN_UNDECLARED_SELECTOR = YES;
				GCC_WARN_UNINITIALIZED_AUTOS = YES_AGGRESSIVE;
				GCC_WARN_UNUSED_FUNCTION = YES;
				GCC_WARN_UNUSED_VARIABLE = YES;
				IPHONEOS_DEPLOYMENT_TARGET = 11.2;
				MTL_ENABLE_DEBUG_INFO = NO;
				SDKROOT = iphoneos;
				SWIFT_OPTIMIZATION_LEVEL = "-Owholemodule";
				VALIDATE_PRODUCT = YES;
			};
			name = Release;
		};
		1A8673A22056DEDC001E75BD /* Debug */ = {
			isa = XCBuildConfiguration;
			buildSettings = {
				ASSETCATALOG_COMPILER_APPICON_NAME = AppIcon;
				CODE_SIGN_STYLE = Automatic;
				INFOPLIST_FILE = Ratings/Info.plist;
				LD_RUNPATH_SEARCH_PATHS = "$(inherited) @executable_path/Frameworks";
				PRODUCT_BUNDLE_IDENTIFIER = ie.infiniteloop.Ratings;
				PRODUCT_NAME = "$(TARGET_NAME)";
				SWIFT_VERSION = 4.0;
				TARGETED_DEVICE_FAMILY = "1,2";
			};
			name = Debug;
		};
		1A8673A32056DEDC001E75BD /* Release */ = {
			isa = XCBuildConfiguration;
			buildSettings = {
				ASSETCATALOG_COMPILER_APPICON_NAME = AppIcon;
				CODE_SIGN_STYLE = Automatic;
				INFOPLIST_FILE = Ratings/Info.plist;
				LD_RUNPATH_SEARCH_PATHS = "$(inherited) @executable_path/Frameworks";
				PRODUCT_BUNDLE_IDENTIFIER = ie.infiniteloop.Ratings;
				PRODUCT_NAME = "$(TARGET_NAME)";
				SWIFT_VERSION = 4.0;
				TARGETED_DEVICE_FAMILY = "1,2";
			};
			name = Release;
		};
/* End XCBuildConfiguration section */

/* Begin XCConfigurationList section */
		1A86738A2056DEDC001E75BD /* Build configuration list for PBXProject "Ratings" */ = {
			isa = XCConfigurationList;
			buildConfigurations = (
				1A86739F2056DEDC001E75BD /* Debug */,
				1A8673A02056DEDC001E75BD /* Release */,
			);
			defaultConfigurationIsVisible = 0;
			defaultConfigurationName = Release;
		};
		1A8673A12056DEDC001E75BD /* Build configuration list for PBXNativeTarget "Ratings" */ = {
			isa = XCConfigurationList;
			buildConfigurations = (
				1A8673A22056DEDC001E75BD /* Debug */,
				1A8673A32056DEDC001E75BD /* Release */,
			);
			defaultConfigurationIsVisible = 0;
			defaultConfigurationName = Release;
		};
/* End XCConfigurationList section */
	};
	rootObject = 1A8673872056DEDC001E75BD /* Project object */;
}
